{
  "name": "shm-lru-cache",
  "version": "0.1.3",
  "lockfileVersion": 2,
  "requires": true,
  "packages": {
    "": {
      "name": "shm-lru-cache",
      "version": "0.1.3",
      "license": "ISC",
      "dependencies": {
        "ftok": "^1.0.0",
        "shm-typed-lru": "^0.1.7",
        "xxhash-addon": "^1.5.0"
      }
    },
    "node_modules/ftok": {
      "version": "1.0.0",
      "resolved": "https://registry.npmjs.org/ftok/-/ftok-1.0.0.tgz",
      "integrity": "sha512-hxrvQ3AZHbRy9VF0bp6968Ajuj5IoR4rxOVz18X79Gl2lvM4TIsDCGorvkmok3L3016DfvX4Oj50raQdXRuO/A=="
    },
    "node_modules/nan": {
      "version": "2.16.0",
      "resolved": "https://registry.npmjs.org/nan/-/nan-2.16.0.tgz",
      "integrity": "sha512-UdAqHyFngu7TfQKsCBgAA6pWDkT8MAO7d0jyOecVhN5354xbLqdn8mV9Tat9gepAupm0bt2DbeaSC8vS52MuFA=="
    },
    "node_modules/shm-typed-lru": {
      "version": "0.1.7",
      "resolved": "https://registry.npmjs.org/shm-typed-lru/-/shm-typed-lru-0.1.7.tgz",
      "integrity": "sha512-nLcSwbpK8oKazt49No+ystChcj3sL9B3PrOZwnMDC3ujrogx5k1Bj2exhwrLYClXgvMjc9J8pXSugs5076OZgw==",
      "hasInstallScript": true,
      "os": [
        "!win32"
      ],
      "dependencies": {
        "nan": "^2.16.0"
      },
      "engines": {
        "node": ">=4.0.0"
      }
    },
    "node_modules/xxhash-addon": {
      "version": "1.5.0",
      "resolved": "https://registry.npmjs.org/xxhash-addon/-/xxhash-addon-1.5.0.tgz",
      "integrity": "sha512-ZkfBZMrrpbyT8/uw7x+2voPBXO2oczajlGo11+OOO1YqGbk6DuF7erwirCUPvydN17lEjilu3VGDWWG4+fV45Q==",
      "hasInstallScript": true,
      "engines": {
        "node": ">=8.6.0 <9.0.0 || >=10.0.0"
      }
    }
  },
  "dependencies": {
    "ftok": {
      "version": "1.0.0",
      "resolved": "https://registry.npmjs.org/ftok/-/ftok-1.0.0.tgz",
      "integrity": "sha512-hxrvQ3AZHbRy9VF0bp6968Ajuj5IoR4rxOVz18X79Gl2lvM4TIsDCGorvkmok3L3016DfvX4Oj50raQdXRuO/A=="
    },
    "nan": {
      "version": "2.16.0",
      "resolved": "https://registry.npmjs.org/nan/-/nan-2.16.0.tgz",
      "integrity": "sha512-UdAqHyFngu7TfQKsCBgAA6pWDkT8MAO7d0jyOecVhN5354xbLqdn8mV9Tat9gepAupm0bt2DbeaSC8vS52MuFA=="
    },
    "shm-typed-lru": {
      "version": "0.1.7",
      "resolved": "https://registry.npmjs.org/shm-typed-lru/-/shm-typed-lru-0.1.7.tgz",
      "integrity": "sha512-nLcSwbpK8oKazt49No+ystChcj3sL9B3PrOZwnMDC3ujrogx5k1Bj2exhwrLYClXgvMjc9J8pXSugs5076OZgw==",
      "requires": {
        "nan": "^2.16.0"
      }
    },
    "xxhash-addon": {
      "version": "1.5.0",
      "resolved": "https://registry.npmjs.org/xxhash-addon/-/xxhash-addon-1.5.0.tgz",
      "integrity": "sha512-ZkfBZMrrpbyT8/uw7x+2voPBXO2oczajlGo11+OOO1YqGbk6DuF7erwirCUPvydN17lEjilu3VGDWWG4+fV45Q=="
    }
  }
}
